{
  "nodes": {
    "flake-utils": {
      "inputs": {
        "systems": "systems"
      },
      "locked": {
        "lastModified": 1731533236,
        "narHash": "sha256-l0KFg5HjrsfsO/JpG+r7fRrqm12kzFHyUHqHCVpMMbI=",
        "owner": "numtide",
        "repo": "flake-utils",
        "rev": "11707dc2f618dd54ca8739b309ec4fc024de578b",
        "type": "github"
      },
      "original": {
        "owner": "numtide",
        "repo": "flake-utils",
        "type": "github"
      }
    },
    "nixpkgs": {
      "locked": {
        "lastModified": 1772963539,
        "narHash": "sha256-9jVDGZnvCckTGdYT53d/EfznygLskyLQXYwJLKMPsZs=",
        "owner": "NixOS",
        "repo": "nixpkgs",
        "rev": "9dcb002ca1690658be4a04645215baea8b95f31d",
        "type": "github"
      },
      "original": {
        "owner": "NixOS",
        "ref": "nixos-unstable",
        "repo": "nixpkgs",
        "type": "github"
      }
    },
    "redis": {
      "flake": false,
      "locked": {
        "lastModified": 1773192433,
        "narHash": "sha256-/+cW1boC4mlh9tZp/mGoWQOf9umtf46f6LleMk0viG0=",
        "ref": "rsd_big2_8.4",
        "rev": "e5bb3b006dc5f94de7bdeeff4581f839bc798c8f",
        "revCount": 20453,
        "type": "git",
        "url": "ssh://git@github.com/redislabsdev/Redis.git"
      },
      "original": {
        "ref": "rsd_big2_8.4",
        "type": "git",
        "url": "ssh://git@github.com/redislabsdev/Redis.git"
      }
    },
    "root": {
      "inputs": {
        "flake-utils": "flake-utils",
        "nixpkgs": "nixpkgs",
        "redis": "redis",
        "speedb": "speedb"
      }
    },
    "speedb": {
      "flake": false,
      "locked": {
        "lastModified": 1773192046,
        "narHash": "sha256-xPtvobRaGswOf5LjhCrkc1XEi0iV1rpB49K/Vuv7YcY=",
        "ref": "refs/heads/main",
        "rev": "4b8b34b8c290da817a34a37c1cc821d0ccd13e4b",
        "revCount": 12265,
        "type": "git",
        "url": "ssh://git@github.com/redislabsdev/speedb-ent"
      },
      "original": {
        "rev": "4b8b34b8c290da817a34a37c1cc821d0ccd13e4b",
        "type": "git",
        "url": "ssh://git@github.com/redislabsdev/speedb-ent"
      }
    },
    "systems": {
      "locked": {
        "lastModified": 1681028828,
        "narHash": "sha256-Vy1rq5AaRuLzOxct8nz4T6wlgyUR7zLU309k9mBC768=",
        "owner": "nix-systems",
        "repo": "default",
        "rev": "da67096a3b9bf56a91d16901293e51ba5b49a27e",
        "type": "github"
      },
      "original": {
        "owner": "nix-systems",
        "repo": "default",
        "type": "github"
      }
    }
  },
  "root": "root",
  "version": 7
}
