{
  "nodes": {
    "flake-utils": {
      "inputs": {
        "systems": "systems"
      },
      "locked": {
        "lastModified": 1731533236,
        "narHash": "sha256-l0KFg5HjrsfsO/JpG+r7fRrqm12kzFHyUHqHCVpMMbI=",
        "owner": "numtide",
        "repo": "flake-utils",
        "rev": "11707dc2f618dd54ca8739b309ec4fc024de578b",
        "type": "github"
      },
      "original": {
        "owner": "numtide",
        "repo": "flake-utils",
        "type": "github"
      }
    },
    "nixpkgs": {
      "locked": {
        "lastModified": 1770115704,
        "narHash": "sha256-KHFT9UWOF2yRPlAnSXQJh6uVcgNcWlFqqiAZ7OVlHNc=",
        "owner": "NixOS",
        "repo": "nixpkgs",
        "rev": "e6eae2ee2110f3d31110d5c222cd395303343b08",
        "type": "github"
      },
      "original": {
        "owner": "NixOS",
        "ref": "nixos-unstable",
        "repo": "nixpkgs",
        "type": "github"
      }
    },
    "redis": {
      "flake": false,
      "locked": {
        "lastModified": 1769499440,
        "narHash": "sha256-9YZZjcZHZkpDoD82vRCV7XaYjqhmLvb48vXBdeVKe9I=",
        "ref": "RediSearchDisk",
        "rev": "8798a166165fb3b22569836f5a3dfe83370a357d",
        "revCount": 20407,
        "type": "git",
        "url": "ssh://git@github.com/redislabsdev/Redis.git"
      },
      "original": {
        "ref": "RediSearchDisk",
        "type": "git",
        "url": "ssh://git@github.com/redislabsdev/Redis.git"
      }
    },
    "root": {
      "inputs": {
        "flake-utils": "flake-utils",
        "nixpkgs": "nixpkgs",
        "redis": "redis",
        "speedb": "speedb"
      }
    },
    "speedb": {
      "flake": false,
      "locked": {
        "lastModified": 1770026009,
        "narHash": "sha256-joMGqh3Z88ltsc6oCz6NCeFeTmoiHht7VUMJd685QD4=",
        "ref": "refs/heads/main",
        "rev": "b6fef0bd5135f1b078f1d0017799dfc64256384e",
        "revCount": 12253,
        "type": "git",
        "url": "ssh://git@github.com/redislabsdev/speedb-ent"
      },
      "original": {
        "type": "git",
        "url": "ssh://git@github.com/redislabsdev/speedb-ent"
      }
    },
    "systems": {
      "locked": {
        "lastModified": 1681028828,
        "narHash": "sha256-Vy1rq5AaRuLzOxct8nz4T6wlgyUR7zLU309k9mBC768=",
        "owner": "nix-systems",
        "repo": "default",
        "rev": "da67096a3b9bf56a91d16901293e51ba5b49a27e",
        "type": "github"
      },
      "original": {
        "owner": "nix-systems",
        "repo": "default",
        "type": "github"
      }
    }
  },
  "root": "root",
  "version": 7
}
